{
  "originHash" : "e013d79089b4b9acb2a3ac3ffe435b7b1bbc3179fb89b2a27c0e64526b2540de",
  "pins" : [
    {
      "identity" : "swift-log",
      "kind" : "remoteSourceControl",
      "location" : "https://github.com/apple/swift-log.git",
      "state" : {
        "revision" : "6fe203dc33195667ce1759bf0182975e4653ba1c",
        "version" : "1.4.4"
      }
    },
    {
      "identity" : "swift-log-testing",
      "kind" : "remoteSourceControl",
      "location" : "https://github.com/neallester/swift-log-testing.git",
      "state" : {
        "revision" : "8459cec10d45da4c566aaec9052fa4a1bef3b861",
        "version" : "0.0.1"
      }
    }
  ],
  "version" : 3
}
